{
  "name": "pi-extension-run-subagent",
  "version": "0.69.0",
  "lockfileVersion": 3,
  "requires": true,
  "packages": {
    "": {
      "name": "pi-extension-run-subagent",
      "version": "0.69.0",
      "dependencies": {
        "typebox": "^1.0.55"
      }
    },
    "node_modules/typebox": {
      "version": "1.1.31",
      "resolved": "https://registry.npmjs.org/typebox/-/typebox-1.1.31.tgz",
      "integrity": "sha512-bFTa/YRd11e9a+C+hBlUSmD3DnDRnkcHqaUWX4zoq3q4u5WLnuLPc7yLpO5dRO7Z9VPXcm/GzFkvrH5FkDobeg==",
      "license": "MIT"
    }
  }
}
