{
  "name": "pi-extension-annotate",
  "version": "0.1.0",
  "lockfileVersion": 3,
  "requires": true,
  "packages": {
    "": {
      "name": "pi-extension-annotate",
      "version": "0.1.0",
      "dependencies": {
        "glimpseui": "0.8.1"
      }
    },
    "node_modules/glimpseui": {
      "version": "0.8.1",
      "resolved": "https://registry.npmjs.org/glimpseui/-/glimpseui-0.8.1.tgz",
      "integrity": "sha512-p0MWbRh5Bq0MtMG0qxJBBKghfB3c7U2zW+J3EXJTQe3XdVKM4ncyhQXAyHokw0LHvCysLTO/63c+4gducg1zhQ==",
      "hasInstallScript": true,
      "license": "MIT",
      "os": [
        "darwin",
        "linux",
        "win32"
      ],
      "bin": {
        "glimpseui": "bin/glimpse.mjs"
      },
      "engines": {
        "node": ">=18"
      }
    }
  }
}
